
Microsoft Visual Studio Solution File, Format Version 12.00
# Visual Studio Version 17
VisualStudioVersion = 17.12.35514.174
MinimumVisualStudioVersion = 10.0.40219.1
Project("{FAE04EC0-301F-11D3-BF4B-00C04F79EFBC}") = "BlueMageParty.Server", "BlueMageParty.Server\BlueMageParty.Server.csproj", "{2383423A-95F3-445D-B633-55AE9FDC36B7}"
EndProject
Project("{2150E333-8FDC-42A3-9474-1A3956D46DE8}") = "Solution Items", "Solution Items", "{6682B4F6-81E0-4DCB-9274-704E625D721D}"
	ProjectSection(SolutionItems) = preProject
		.gitignore = .gitignore
		InsertUsers.sql = InsertUsers.sql
		README.md = README.md
	EndProjectSection
EndProject
Project("{54A90642-561A-4BB1-A94E-469ADEE60C69}") = "bluemageparty.client", "bluemageparty.client\bluemageparty.client.esproj", "{42FC98D8-307B-4CFA-BE95-AE184D8B2CA0}"
EndProject
Global
	GlobalSection(SolutionConfigurationPlatforms) = preSolution
		Debug|Any CPU = Debug|Any CPU
		Release|Any CPU = Release|Any CPU
	EndGlobalSection
	GlobalSection(ProjectConfigurationPlatforms) = postSolution
		{2383423A-95F3-445D-B633-55AE9FDC36B7}.Debug|Any CPU.ActiveCfg = Debug|Any CPU
		{2383423A-95F3-445D-B633-55AE9FDC36B7}.Debug|Any CPU.Build.0 = Debug|Any CPU
		{2383423A-95F3-445D-B633-55AE9FDC36B7}.Release|Any CPU.ActiveCfg = Release|Any CPU
		{2383423A-95F3-445D-B633-55AE9FDC36B7}.Release|Any CPU.Build.0 = Release|Any CPU
		{42FC98D8-307B-4CFA-BE95-AE184D8B2CA0}.Debug|Any CPU.ActiveCfg = Debug|Any CPU
		{42FC98D8-307B-4CFA-BE95-AE184D8B2CA0}.Debug|Any CPU.Build.0 = Debug|Any CPU
		{42FC98D8-307B-4CFA-BE95-AE184D8B2CA0}.Debug|Any CPU.Deploy.0 = Debug|Any CPU
		{42FC98D8-307B-4CFA-BE95-AE184D8B2CA0}.Release|Any CPU.ActiveCfg = Release|Any CPU
		{42FC98D8-307B-4CFA-BE95-AE184D8B2CA0}.Release|Any CPU.Build.0 = Release|Any CPU
		{42FC98D8-307B-4CFA-BE95-AE184D8B2CA0}.Release|Any CPU.Deploy.0 = Release|Any CPU
	EndGlobalSection
	GlobalSection(SolutionProperties) = preSolution
		HideSolutionNode = FALSE
	EndGlobalSection
EndGlobal
